
Microsoft Visual Studio Solution File, Format Version 12.00
# Visual Studio Version 17
VisualStudioVersion = 17.8.34330.188
MinimumVisualStudioVersion = 10.0.40219.1
Project("{FAE04EC0-301F-11D3-BF4B-00C04F79EFBC}") = "BlockBuster", "BlockBuster\BlockBuster.csproj", "{FAA986CD-4285-44D4-BA42-0B2A6AD83FEC}"
EndProject
Project("{FAE04EC0-301F-11D3-BF4B-00C04F79EFBC}") = "BlockBusterTest", "BlockBusterTest\BlockBusterTest.csproj", "{2D5AC88A-BE9E-4942-86B1-EA1C4BE07938}"
EndProject
Project("{FAE04EC0-301F-11D3-BF4B-00C04F79EFBC}") = "BlockBusterConsole", "BlockBusterConsole\BlockBusterConsole.csproj", "{B0E22D39-05E5-441E-80C0-A83C2896795C}"
EndProject
Global
	GlobalSection(SolutionConfigurationPlatforms) = preSolution
		Debug|Any CPU = Debug|Any CPU
		Release|Any CPU = Release|Any CPU
	EndGlobalSection
	GlobalSection(ProjectConfigurationPlatforms) = postSolution
		{FAA986CD-4285-44D4-BA42-0B2A6AD83FEC}.Debug|Any CPU.ActiveCfg = Debug|Any CPU
		{FAA986CD-4285-44D4-BA42-0B2A6AD83FEC}.Debug|Any CPU.Build.0 = Debug|Any CPU
		{FAA986CD-4285-44D4-BA42-0B2A6AD83FEC}.Release|Any CPU.ActiveCfg = Release|Any CPU
		{FAA986CD-4285-44D4-BA42-0B2A6AD83FEC}.Release|Any CPU.Build.0 = Release|Any CPU
		{2D5AC88A-BE9E-4942-86B1-EA1C4BE07938}.Debug|Any CPU.ActiveCfg = Debug|Any CPU
		{2D5AC88A-BE9E-4942-86B1-EA1C4BE07938}.Debug|Any CPU.Build.0 = Debug|Any CPU
		{2D5AC88A-BE9E-4942-86B1-EA1C4BE07938}.Release|Any CPU.ActiveCfg = Release|Any CPU
		{2D5AC88A-BE9E-4942-86B1-EA1C4BE07938}.Release|Any CPU.Build.0 = Release|Any CPU
		{B0E22D39-05E5-441E-80C0-A83C2896795C}.Debug|Any CPU.ActiveCfg = Debug|Any CPU
		{B0E22D39-05E5-441E-80C0-A83C2896795C}.Debug|Any CPU.Build.0 = Debug|Any CPU
		{B0E22D39-05E5-441E-80C0-A83C2896795C}.Release|Any CPU.ActiveCfg = Release|Any CPU
		{B0E22D39-05E5-441E-80C0-A83C2896795C}.Release|Any CPU.Build.0 = Release|Any CPU
	EndGlobalSection
	GlobalSection(SolutionProperties) = preSolution
		HideSolutionNode = FALSE
	EndGlobalSection
	GlobalSection(ExtensibilityGlobals) = postSolution
		SolutionGuid = {D723C018-DED2-4BE7-B6A4-2977E59115D1}
	EndGlobalSection
EndGlobal
