
Microsoft Visual Studio Solution File, Format Version 12.00
# Visual Studio Version 17
VisualStudioVersion = 17.8.34330.188
MinimumVisualStudioVersion = 10.0.40219.1
Project("{FAE04EC0-301F-11D3-BF4B-00C04F79EFBC}") = "BookstoreWebApp", "BookstoreWebApp.csproj", "{B80098CF-8107-44C2-BEB0-59936AD8A041}"
EndProject
Project("{9A19103F-16F7-4668-BE54-9A1E7A4F7556}") = "Bookstore", "..\..\AdvancedNET\Bookstore\Bookstore\Bookstore.csproj", "{BB49E58F-0B25-4F4E-817D-364763656897}"
EndProject
Global
	GlobalSection(SolutionConfigurationPlatforms) = preSolution
		Debug|Any CPU = Debug|Any CPU
		Release|Any CPU = Release|Any CPU
	EndGlobalSection
	GlobalSection(ProjectConfigurationPlatforms) = postSolution
		{B80098CF-8107-44C2-BEB0-59936AD8A041}.Debug|Any CPU.ActiveCfg = Debug|Any CPU
		{B80098CF-8107-44C2-BEB0-59936AD8A041}.Debug|Any CPU.Build.0 = Debug|Any CPU
		{B80098CF-8107-44C2-BEB0-59936AD8A041}.Release|Any CPU.ActiveCfg = Release|Any CPU
		{B80098CF-8107-44C2-BEB0-59936AD8A041}.Release|Any CPU.Build.0 = Release|Any CPU
		{BB49E58F-0B25-4F4E-817D-364763656897}.Debug|Any CPU.ActiveCfg = Debug|Any CPU
		{BB49E58F-0B25-4F4E-817D-364763656897}.Debug|Any CPU.Build.0 = Debug|Any CPU
		{BB49E58F-0B25-4F4E-817D-364763656897}.Release|Any CPU.ActiveCfg = Release|Any CPU
		{BB49E58F-0B25-4F4E-817D-364763656897}.Release|Any CPU.Build.0 = Release|Any CPU
	EndGlobalSection
	GlobalSection(SolutionProperties) = preSolution
		HideSolutionNode = FALSE
	EndGlobalSection
	GlobalSection(ExtensibilityGlobals) = postSolution
		SolutionGuid = {A440F002-80FF-4A25-93FC-DF597F478956}
	EndGlobalSection
EndGlobal
