
Microsoft Visual Studio Solution File, Format Version 12.00
# Visual Studio Version 17
VisualStudioVersion = 17.8.34330.188
MinimumVisualStudioVersion = 10.0.40219.1
Project("{FAE04EC0-301F-11D3-BF4B-00C04F79EFBC}") = "BlockBusterWebApp", "BlockBusterWebApp.csproj", "{2947A630-D07C-4620-899B-444E2604B966}"
EndProject
Global
	GlobalSection(SolutionConfigurationPlatforms) = preSolution
		Debug|Any CPU = Debug|Any CPU
		Release|Any CPU = Release|Any CPU
	EndGlobalSection
	GlobalSection(ProjectConfigurationPlatforms) = postSolution
		{2947A630-D07C-4620-899B-444E2604B966}.Debug|Any CPU.ActiveCfg = Debug|Any CPU
		{2947A630-D07C-4620-899B-444E2604B966}.Debug|Any CPU.Build.0 = Debug|Any CPU
		{2947A630-D07C-4620-899B-444E2604B966}.Release|Any CPU.ActiveCfg = Release|Any CPU
		{2947A630-D07C-4620-899B-444E2604B966}.Release|Any CPU.Build.0 = Release|Any CPU
	EndGlobalSection
	GlobalSection(SolutionProperties) = preSolution
		HideSolutionNode = FALSE
	EndGlobalSection
	GlobalSection(ExtensibilityGlobals) = postSolution
		SolutionGuid = {8B87FA9C-C3AA-4340-BC7E-19E009C8553E}
	EndGlobalSection
EndGlobal
